{
  "name": "VectorDrive",
  "lockfileVersion": 3,
  "requires": true,
  "packages": {
    "": {
      "dependencies": {
        "unsplash": "^4.2.0"
      }
    },
    "node_modules/unsplash": {
      "version": "4.2.0",
      "resolved": "https://registry.npmjs.org/unsplash/-/unsplash-4.2.0.tgz",
      "integrity": "sha512-my8CaFhNomFTc/vfUypnLQd52WEXDwnMxu9e7GTxExtib+aH/y7RWmsJPi16f1CT/B0A9oTm9qAFTCEDnpwOfg==",
      "license": "MIT"
    }
  }
}
